name: Update Flake Inputs
on:
  schedule:
    - cron: "0 6 * * 1" # Every Monday at 6:00 UTC
  workflow_dispatch: # Allows manual trigger

jobs:
  update:
    name: Update Flake Lock
    runs-on: ubuntu-latest
    steps:
      - name: Checkout repository
        uses: actions/checkout@v4

      - name: Install Nix
        uses: cachix/install-nix-action@v30
        with:
          nix_path: nixpkgs=channel:nixos-unstable
          extra_nix_config: |
            experimental-features = nix-command flakes

      - name: Update Flake Lock
        uses: DeterminateSystems/update-flake-lock@v24
        with:
          pr-title: "chore(nix): update flake inputs"
          pr-labels: |
            dependencies
            nix
          commit-msg: "chore(nix): update flake inputs"
          token: ${{ secrets.GITHUB_TOKEN }}
